
Microsoft Visual Studio Solution File, Format Version 12.00
# Visual Studio Version 16
VisualStudioVersion = 16.0.34301.259
MinimumVisualStudioVersion = 10.0.40219.1
Project("{FAE04EC0-301F-11D3-BF4B-00C04F79EFBC}") = "Zadanie1", "Zadanie1\Zadanie1.csproj", "{3014265E-56F6-4F28-8F1E-157DEAF1E895}"
EndProject
Global
	GlobalSection(SolutionConfigurationPlatforms) = preSolution
		Debug|Any CPU = Debug|Any CPU
		Release|Any CPU = Release|Any CPU
	EndGlobalSection
	GlobalSection(ProjectConfigurationPlatforms) = postSolution
		{3014265E-56F6-4F28-8F1E-157DEAF1E895}.Debug|Any CPU.ActiveCfg = Debug|Any CPU
		{3014265E-56F6-4F28-8F1E-157DEAF1E895}.Debug|Any CPU.Build.0 = Debug|Any CPU
		{3014265E-56F6-4F28-8F1E-157DEAF1E895}.Release|Any CPU.ActiveCfg = Release|Any CPU
		{3014265E-56F6-4F28-8F1E-157DEAF1E895}.Release|Any CPU.Build.0 = Release|Any CPU
	EndGlobalSection
	GlobalSection(SolutionProperties) = preSolution
		HideSolutionNode = FALSE
	EndGlobalSection
	GlobalSection(ExtensibilityGlobals) = postSolution
		SolutionGuid = {B2C328DC-C7C0-4696-A81D-2CF7669D8AC7}
	EndGlobalSection
EndGlobal
